{
  "version": 4,
  "terraform_version": "1.9.6",
  "serial": 15,
  "lineage": "c772a47d-2366-684a-7029-4c9723654a36",
  "outputs": {},
  "resources": [
    {
      "mode": "data",
      "type": "azurerm_client_config",
      "name": "current",
      "provider": "provider[\"registry.terraform.io/hashicorp/azurerm\"]",
      "instances": [
        {
          "schema_version": 0,
          "attributes": {
            "client_id": "04b07795-8ddb-461a-bbee-02f9e1bf7b46",
            "id": "Y2xpZW50Q29uZmlncy9jbGllbnRJZD0wNGIwNzc5NS04ZGRiLTQ2MWEtYmJlZS0wMmY5ZTFiZjdiNDY7b2JqZWN0SWQ9OTQ1ZmExMDQtZmM1Zi00ZTE1LTg5YjItZDgzODNmMThkMGE2O3N1YnNjcmlwdGlvbklkPWM0YzQ0ZTMxLWMwYzgtNDAxYi04MjRlLTNmYmE2YzRlNmI2ODt0ZW5hbnRJZD01ZWFlYTRmMC1mOWZiLTRlMDUtYWM2Yy1mM2RiYWVjZGEzMmQ=",
            "object_id": "945fa104-fc5f-4e15-89b2-d8383f18d0a6",
            "subscription_id": "c4c44e31-c0c8-401b-824e-3fba6c4e6b68",
            "tenant_id": "5eaea4f0-f9fb-4e05-ac6c-f3dbaecda32d",
            "timeouts": null
          },
          "sensitive_attributes": []
        }
      ]
    },
    {
      "mode": "managed",
      "type": "azurerm_key_vault",
      "name": "keyvault",
      "provider": "provider[\"registry.terraform.io/hashicorp/azurerm\"]",
      "instances": [
        {
          "schema_version": 2,
          "attributes": {
            "access_policy": [
              {
                "application_id": "",
                "certificate_permissions": [],
                "key_permissions": [
                  "Get",
                  "List",
                  "Create",
                  "Delete",
                  "Purge",
                  "Recover",
                  "Update"
                ],
                "object_id": "945fa104-fc5f-4e15-89b2-d8383f18d0a6",
                "secret_permissions": [
                  "Get",
                  "List",
                  "Set",
                  "Delete",
                  "Purge",
                  "Recover"
                ],
                "storage_permissions": [],
                "tenant_id": "5eaea4f0-f9fb-4e05-ac6c-f3dbaecda32d"
              }
            ],
            "contact": [],
            "enable_rbac_authorization": false,
            "enabled_for_deployment": false,
            "enabled_for_disk_encryption": false,
            "enabled_for_template_deployment": false,
            "id": "/subscriptions/c4c44e31-c0c8-401b-824e-3fba6c4e6b68/resourceGroups/rg-dev-uks-01/providers/Microsoft.KeyVault/vaults/kv-dev-uks-01",
            "location": "uksouth",
            "name": "kv-dev-uks-01",
            "network_acls": [
              {
                "bypass": "AzureServices",
                "default_action": "Allow",
                "ip_rules": [],
                "virtual_network_subnet_ids": []
              }
            ],
            "public_network_access_enabled": true,
            "purge_protection_enabled": false,
            "resource_group_name": "rg-dev-uks-01",
            "sku_name": "standard",
            "soft_delete_retention_days": 90,
            "tags": {},
            "tenant_id": "5eaea4f0-f9fb-4e05-ac6c-f3dbaecda32d",
            "timeouts": null,
            "vault_uri": "https://kv-dev-uks-01.vault.azure.net/"
          },
          "sensitive_attributes": [],
          "private": "eyJlMmJmYjczMC1lY2FhLTExZTYtOGY4OC0zNDM2M2JjN2M0YzAiOnsiY3JlYXRlIjoxODAwMDAwMDAwMDAwLCJkZWxldGUiOjE4MDAwMDAwMDAwMDAsInJlYWQiOjMwMDAwMDAwMDAwMCwidXBkYXRlIjoxODAwMDAwMDAwMDAwfSwic2NoZW1hX3ZlcnNpb24iOiIyIn0=",
          "dependencies": [
            "azurerm_resource_group.rg",
            "data.azurerm_client_config.current"
          ]
        }
      ]
    },
    {
      "mode": "managed",
      "type": "azurerm_key_vault_secret",
      "name": "keyvault_secret",
      "provider": "provider[\"registry.terraform.io/hashicorp/azurerm\"]",
      "instances": [
        {
          "schema_version": 0,
          "attributes": {
            "content_type": "vmadminuser",
            "expiration_date": "2025-12-31T23:59:59Z",
            "id": "https://kv-dev-uks-01.vault.azure.net/secrets/vm-sc-dev-uks-01/788d61a613a640ad807ed3b6c4089f44",
            "key_vault_id": "/subscriptions/c4c44e31-c0c8-401b-824e-3fba6c4e6b68/resourceGroups/rg-dev-uks-01/providers/Microsoft.KeyVault/vaults/kv-dev-uks-01",
            "name": "vm-sc-dev-uks-01",
            "not_before_date": null,
            "resource_id": "/subscriptions/c4c44e31-c0c8-401b-824e-3fba6c4e6b68/resourceGroups/rg-dev-uks-01/providers/Microsoft.KeyVault/vaults/kv-dev-uks-01/secrets/vm-sc-dev-uks-01/versions/788d61a613a640ad807ed3b6c4089f44",
            "resource_versionless_id": "/subscriptions/c4c44e31-c0c8-401b-824e-3fba6c4e6b68/resourceGroups/rg-dev-uks-01/providers/Microsoft.KeyVault/vaults/kv-dev-uks-01/secrets/vm-sc-dev-uks-01",
            "tags": {
              "environment": "dev",
              "instance": "01",
              "loc": "uks"
            },
            "timeouts": null,
            "value": "Y:,qi}uIq`cxp}~Q",
            "version": "788d61a613a640ad807ed3b6c4089f44",
            "versionless_id": "https://kv-dev-uks-01.vault.azure.net/secrets/vm-sc-dev-uks-01"
          },
          "sensitive_attributes": [
            [
              {
                "type": "get_attr",
                "value": "value"
              }
            ]
          ],
          "private": "eyJlMmJmYjczMC1lY2FhLTExZTYtOGY4OC0zNDM2M2JjN2M0YzAiOnsiY3JlYXRlIjoxODAwMDAwMDAwMDAwLCJkZWxldGUiOjE4MDAwMDAwMDAwMDAsInJlYWQiOjE4MDAwMDAwMDAwMDAsInVwZGF0ZSI6MTgwMDAwMDAwMDAwMH19",
          "dependencies": [
            "azurerm_key_vault.keyvault",
            "azurerm_resource_group.rg",
            "data.azurerm_client_config.current",
            "random_password.keyvault_password"
          ]
        }
      ]
    },
    {
      "mode": "managed",
      "type": "azurerm_network_interface",
      "name": "nic",
      "provider": "provider[\"registry.terraform.io/hashicorp/azurerm\"]",
      "instances": [
        {
          "schema_version": 0,
          "attributes": {
            "accelerated_networking_enabled": false,
            "applied_dns_servers": [],
            "auxiliary_mode": "",
            "auxiliary_sku": "",
            "dns_servers": null,
            "edge_zone": "",
            "id": "/subscriptions/c4c44e31-c0c8-401b-824e-3fba6c4e6b68/resourceGroups/rg-dev-uks-01/providers/Microsoft.Network/networkInterfaces/nic-dev-uks-01",
            "internal_dns_name_label": "",
            "internal_domain_name_suffix": "ruyksrq10azujpon5m3f41kjsd.zx.internal.cloudapp.net",
            "ip_configuration": [
              {
                "gateway_load_balancer_frontend_ip_configuration_id": "",
                "name": "internal",
                "primary": true,
                "private_ip_address": "10.0.1.4",
                "private_ip_address_allocation": "Dynamic",
                "private_ip_address_version": "IPv4",
                "public_ip_address_id": "",
                "subnet_id": "/subscriptions/c4c44e31-c0c8-401b-824e-3fba6c4e6b68/resourceGroups/rg-dev-uks-01/providers/Microsoft.Network/virtualNetworks/vnet-dev-uks-01/subnets/snet-dev-uks-01"
              }
            ],
            "ip_forwarding_enabled": false,
            "location": "uksouth",
            "mac_address": "",
            "name": "nic-dev-uks-01",
            "private_ip_address": "10.0.1.4",
            "private_ip_addresses": [
              "10.0.1.4"
            ],
            "resource_group_name": "rg-dev-uks-01",
            "tags": {
              "environment": "dev"
            },
            "timeouts": null,
            "virtual_machine_id": ""
          },
          "sensitive_attributes": [],
          "private": "eyJlMmJmYjczMC1lY2FhLTExZTYtOGY4OC0zNDM2M2JjN2M0YzAiOnsiY3JlYXRlIjoxODAwMDAwMDAwMDAwLCJkZWxldGUiOjE4MDAwMDAwMDAwMDAsInJlYWQiOjMwMDAwMDAwMDAwMCwidXBkYXRlIjoxODAwMDAwMDAwMDAwfX0=",
          "dependencies": [
            "azurerm_resource_group.rg",
            "azurerm_subnet.snet",
            "azurerm_virtual_network.vnet"
          ]
        }
      ]
    },
    {
      "mode": "managed",
      "type": "azurerm_resource_group",
      "name": "rg",
      "provider": "provider[\"registry.terraform.io/hashicorp/azurerm\"]",
      "instances": [
        {
          "schema_version": 0,
          "attributes": {
            "id": "/subscriptions/c4c44e31-c0c8-401b-824e-3fba6c4e6b68/resourceGroups/rg-dev-uks-01",
            "location": "uksouth",
            "managed_by": "",
            "name": "rg-dev-uks-01",
            "tags": {
              "environment": "dev"
            },
            "timeouts": null
          },
          "sensitive_attributes": [],
          "private": "eyJlMmJmYjczMC1lY2FhLTExZTYtOGY4OC0zNDM2M2JjN2M0YzAiOnsiY3JlYXRlIjo1NDAwMDAwMDAwMDAwLCJkZWxldGUiOjU0MDAwMDAwMDAwMDAsInJlYWQiOjMwMDAwMDAwMDAwMCwidXBkYXRlIjo1NDAwMDAwMDAwMDAwfX0="
        }
      ]
    },
    {
      "mode": "managed",
      "type": "azurerm_subnet",
      "name": "snet",
      "provider": "provider[\"registry.terraform.io/hashicorp/azurerm\"]",
      "instances": [
        {
          "schema_version": 0,
          "attributes": {
            "address_prefixes": [
              "10.0.1.0/24"
            ],
            "default_outbound_access_enabled": true,
            "delegation": [],
            "id": "/subscriptions/c4c44e31-c0c8-401b-824e-3fba6c4e6b68/resourceGroups/rg-dev-uks-01/providers/Microsoft.Network/virtualNetworks/vnet-dev-uks-01/subnets/snet-dev-uks-01",
            "name": "snet-dev-uks-01",
            "private_endpoint_network_policies": "Disabled",
            "private_link_service_network_policies_enabled": true,
            "resource_group_name": "rg-dev-uks-01",
            "service_endpoint_policy_ids": [],
            "service_endpoints": [],
            "timeouts": null,
            "virtual_network_name": "vnet-dev-uks-01"
          },
          "sensitive_attributes": [],
          "private": "eyJlMmJmYjczMC1lY2FhLTExZTYtOGY4OC0zNDM2M2JjN2M0YzAiOnsiY3JlYXRlIjoxODAwMDAwMDAwMDAwLCJkZWxldGUiOjE4MDAwMDAwMDAwMDAsInJlYWQiOjMwMDAwMDAwMDAwMCwidXBkYXRlIjoxODAwMDAwMDAwMDAwfX0=",
          "dependencies": [
            "azurerm_resource_group.rg",
            "azurerm_virtual_network.vnet"
          ]
        }
      ]
    },
    {
      "mode": "managed",
      "type": "azurerm_virtual_network",
      "name": "vnet",
      "provider": "provider[\"registry.terraform.io/hashicorp/azurerm\"]",
      "instances": [
        {
          "schema_version": 0,
          "attributes": {
            "address_space": [
              "10.0.0.0/16"
            ],
            "bgp_community": "",
            "ddos_protection_plan": [],
            "dns_servers": [],
            "edge_zone": "",
            "encryption": [],
            "flow_timeout_in_minutes": 0,
            "guid": "46a9308d-d01b-4433-bdcd-fb3a5f6d4993",
            "id": "/subscriptions/c4c44e31-c0c8-401b-824e-3fba6c4e6b68/resourceGroups/rg-dev-uks-01/providers/Microsoft.Network/virtualNetworks/vnet-dev-uks-01",
            "location": "uksouth",
            "name": "vnet-dev-uks-01",
            "resource_group_name": "rg-dev-uks-01",
            "subnet": [
              {
                "address_prefixes": [
                  "10.0.1.0/24"
                ],
                "default_outbound_access_enabled": true,
                "delegation": [],
                "id": "/subscriptions/c4c44e31-c0c8-401b-824e-3fba6c4e6b68/resourceGroups/rg-dev-uks-01/providers/Microsoft.Network/virtualNetworks/vnet-dev-uks-01/subnets/snet-dev-uks-01",
                "name": "snet-dev-uks-01",
                "private_endpoint_network_policies": "Disabled",
                "private_link_service_network_policies_enabled": true,
                "route_table_id": "",
                "security_group": "",
                "service_endpoint_policy_ids": [],
                "service_endpoints": []
              }
            ],
            "tags": {
              "environment": "dev"
            },
            "timeouts": null
          },
          "sensitive_attributes": [],
          "private": "eyJlMmJmYjczMC1lY2FhLTExZTYtOGY4OC0zNDM2M2JjN2M0YzAiOnsiY3JlYXRlIjoxODAwMDAwMDAwMDAwLCJkZWxldGUiOjE4MDAwMDAwMDAwMDAsInJlYWQiOjMwMDAwMDAwMDAwMCwidXBkYXRlIjoxODAwMDAwMDAwMDAwfX0=",
          "dependencies": [
            "azurerm_resource_group.rg"
          ]
        }
      ]
    },
    {
      "mode": "managed",
      "type": "azurerm_windows_virtual_machine",
      "name": "vm",
      "provider": "provider[\"registry.terraform.io/hashicorp/azurerm\"]",
      "instances": [
        {
          "schema_version": 0,
          "attributes": {
            "additional_capabilities": [],
            "additional_unattend_content": [],
            "admin_password": "Y:,qi}uIq`cxp}~Q",
            "admin_username": "vmadminuser",
            "allow_extension_operations": true,
            "availability_set_id": "",
            "boot_diagnostics": [],
            "bypass_platform_safety_checks_on_user_schedule_enabled": false,
            "capacity_reservation_group_id": "",
            "computer_name": "vmdevuksouth01",
            "custom_data": null,
            "dedicated_host_group_id": "",
            "dedicated_host_id": "",
            "disk_controller_type": "",
            "edge_zone": "",
            "enable_automatic_updates": true,
            "encryption_at_host_enabled": false,
            "eviction_policy": "",
            "extensions_time_budget": "PT1H30M",
            "gallery_application": [],
            "hotpatching_enabled": false,
            "id": "/subscriptions/c4c44e31-c0c8-401b-824e-3fba6c4e6b68/resourceGroups/rg-dev-uks-01/providers/Microsoft.Compute/virtualMachines/vmdevuksouth01",
            "identity": [],
            "license_type": "",
            "location": "uksouth",
            "max_bid_price": -1,
            "name": "vmdevuksouth01",
            "network_interface_ids": [
              "/subscriptions/c4c44e31-c0c8-401b-824e-3fba6c4e6b68/resourceGroups/rg-dev-uks-01/providers/Microsoft.Network/networkInterfaces/nic-dev-uks-01"
            ],
            "os_disk": [
              {
                "caching": "ReadWrite",
                "diff_disk_settings": [],
                "disk_encryption_set_id": "",
                "disk_size_gb": 127,
                "name": "vmdevuksouth01_OsDisk_1_bcf6a5c59b064a109ae13fc5d82e66cf",
                "secure_vm_disk_encryption_set_id": "",
                "security_encryption_type": "",
                "storage_account_type": "Standard_LRS",
                "write_accelerator_enabled": false
              }
            ],
            "os_image_notification": [],
            "patch_assessment_mode": "ImageDefault",
            "patch_mode": "AutomaticByOS",
            "plan": [],
            "platform_fault_domain": -1,
            "priority": "Regular",
            "private_ip_address": "10.0.1.4",
            "private_ip_addresses": [
              "10.0.1.4"
            ],
            "provision_vm_agent": true,
            "proximity_placement_group_id": "",
            "public_ip_address": "",
            "public_ip_addresses": [],
            "reboot_setting": "",
            "resource_group_name": "rg-dev-uks-01",
            "secret": [],
            "secure_boot_enabled": false,
            "size": "Standard_B1s",
            "source_image_id": "",
            "source_image_reference": [
              {
                "offer": "WindowsServer",
                "publisher": "MicrosoftWindowsServer",
                "sku": "2019-Datacenter",
                "version": "latest"
              }
            ],
            "tags": {
              "environment": "dev"
            },
            "termination_notification": null,
            "timeouts": null,
            "timezone": "",
            "user_data": "",
            "virtual_machine_id": "11ca9598-2dba-4e30-a2f6-c1bfd068f4e9",
            "virtual_machine_scale_set_id": "",
            "vm_agent_platform_updates_enabled": true,
            "vtpm_enabled": false,
            "winrm_listener": [],
            "zone": ""
          },
          "sensitive_attributes": [
            [
              {
                "type": "get_attr",
                "value": "admin_password"
              }
            ],
            [
              {
                "type": "get_attr",
                "value": "custom_data"
              }
            ]
          ],
          "private": "eyJlMmJmYjczMC1lY2FhLTExZTYtOGY4OC0zNDM2M2JjN2M0YzAiOnsiY3JlYXRlIjoyNzAwMDAwMDAwMDAwLCJkZWxldGUiOjI3MDAwMDAwMDAwMDAsInJlYWQiOjMwMDAwMDAwMDAwMCwidXBkYXRlIjoyNzAwMDAwMDAwMDAwfX0=",
          "dependencies": [
            "azurerm_key_vault.keyvault",
            "azurerm_key_vault_secret.keyvault_secret",
            "azurerm_network_interface.nic",
            "azurerm_resource_group.rg",
            "azurerm_subnet.snet",
            "azurerm_virtual_network.vnet",
            "data.azurerm_client_config.current",
            "random_password.keyvault_password"
          ]
        }
      ]
    },
    {
      "mode": "managed",
      "type": "random_password",
      "name": "keyvault_password",
      "provider": "provider[\"registry.terraform.io/hashicorp/random\"]",
      "instances": [
        {
          "index_key": 0,
          "schema_version": 3,
          "attributes": {
            "bcrypt_hash": "$2a$10$aZjtVDcrSFB/t7FtKieUz.PmUv75omBqicQ5o04tpSFZfEJ.25XsO",
            "id": "none",
            "keepers": null,
            "length": 16,
            "lower": true,
            "min_lower": 0,
            "min_numeric": 0,
            "min_special": 0,
            "min_upper": 0,
            "number": true,
            "numeric": true,
            "override_special": "!@#$%^\u0026*()-_=+[]{}|;:,.\u003c\u003e?/~`",
            "result": "Y:,qi}uIq`cxp}~Q",
            "special": true,
            "upper": true
          },
          "sensitive_attributes": [
            [
              {
                "type": "get_attr",
                "value": "bcrypt_hash"
              }
            ],
            [
              {
                "type": "get_attr",
                "value": "result"
              }
            ]
          ]
        }
      ]
    }
  ],
  "check_results": null
}
